
Microsoft Visual Studio Solution File, Format Version 12.00
# Visual Studio 15
VisualStudioVersion = 15.0.28307.902
MinimumVisualStudioVersion = 10.0.40219.1
Project("{FAE04EC0-301F-11D3-BF4B-00C04F79EFBC}") = "ConsoleApp1", "ConsoleApp1\ConsoleApp1.csproj", "{2B3F5793-80EB-4556-83ED-76A37F301274}"
EndProject
Global
	GlobalSection(SolutionConfigurationPlatforms) = preSolution
		Debug|Any CPU = Debug|Any CPU
		Release|Any CPU = Release|Any CPU
	EndGlobalSection
	GlobalSection(ProjectConfigurationPlatforms) = postSolution
		{2B3F5793-80EB-4556-83ED-76A37F301274}.Debug|Any CPU.ActiveCfg = Debug|Any CPU
		{2B3F5793-80EB-4556-83ED-76A37F301274}.Debug|Any CPU.Build.0 = Debug|Any CPU
		{2B3F5793-80EB-4556-83ED-76A37F301274}.Release|Any CPU.ActiveCfg = Release|Any CPU
		{2B3F5793-80EB-4556-83ED-76A37F301274}.Release|Any CPU.Build.0 = Release|Any CPU
	EndGlobalSection
	GlobalSection(SolutionProperties) = preSolution
		HideSolutionNode = FALSE
	EndGlobalSection
	GlobalSection(ExtensibilityGlobals) = postSolution
		SolutionGuid = {A3CDD46D-4FAC-4DFF-B5CA-E9E6E0B4A7DD}
	EndGlobalSection
EndGlobal
