
Microsoft Visual Studio Solution File, Format Version 12.00
# Visual Studio 15
VisualStudioVersion = 15.0.28307.902
MinimumVisualStudioVersion = 10.0.40219.1
Project("{FAE04EC0-301F-11D3-BF4B-00C04F79EFBC}") = "DoAnCuoiKyQLBVHQT_Final", "DoAnCuoiKyQLBVHQT_Final\DoAnCuoiKyQLBVHQT_Final.csproj", "{61183A8A-792A-42E1-85FF-4073CADBDDC0}"
EndProject
Global
	GlobalSection(SolutionConfigurationPlatforms) = preSolution
		Debug|Any CPU = Debug|Any CPU
		Release|Any CPU = Release|Any CPU
	EndGlobalSection
	GlobalSection(ProjectConfigurationPlatforms) = postSolution
		{61183A8A-792A-42E1-85FF-4073CADBDDC0}.Debug|Any CPU.ActiveCfg = Debug|Any CPU
		{61183A8A-792A-42E1-85FF-4073CADBDDC0}.Debug|Any CPU.Build.0 = Debug|Any CPU
		{61183A8A-792A-42E1-85FF-4073CADBDDC0}.Release|Any CPU.ActiveCfg = Release|Any CPU
		{61183A8A-792A-42E1-85FF-4073CADBDDC0}.Release|Any CPU.Build.0 = Release|Any CPU
	EndGlobalSection
	GlobalSection(SolutionProperties) = preSolution
		HideSolutionNode = FALSE
	EndGlobalSection
	GlobalSection(ExtensibilityGlobals) = postSolution
		SolutionGuid = {8D48572C-E2C7-4FC0-BABF-FA0E8C125463}
	EndGlobalSection
EndGlobal
